
Microsoft Visual Studio Solution File, Format Version 12.00
# Visual Studio Version 16
VisualStudioVersion = 16.0.31424.327
MinimumVisualStudioVersion = 10.0.40219.1
Project("{FAE04EC0-301F-11D3-BF4B-00C04F79EFBC}") = "semana14-15-aplicacion-web-asp-net", "semana14-15-aplicacion-web-asp-net.csproj", "{D58E731A-292C-4A63-AC00-2DFB1342CC2C}"
EndProject
Global
	GlobalSection(SolutionConfigurationPlatforms) = preSolution
		Debug|Any CPU = Debug|Any CPU
		Release|Any CPU = Release|Any CPU
	EndGlobalSection
	GlobalSection(ProjectConfigurationPlatforms) = postSolution
		{D58E731A-292C-4A63-AC00-2DFB1342CC2C}.Debug|Any CPU.ActiveCfg = Debug|Any CPU
		{D58E731A-292C-4A63-AC00-2DFB1342CC2C}.Debug|Any CPU.Build.0 = Debug|Any CPU
		{D58E731A-292C-4A63-AC00-2DFB1342CC2C}.Release|Any CPU.ActiveCfg = Release|Any CPU
		{D58E731A-292C-4A63-AC00-2DFB1342CC2C}.Release|Any CPU.Build.0 = Release|Any CPU
	EndGlobalSection
	GlobalSection(SolutionProperties) = preSolution
		HideSolutionNode = FALSE
	EndGlobalSection
	GlobalSection(ExtensibilityGlobals) = postSolution
		SolutionGuid = {4CC7B3D1-59D2-44D5-A6B7-3A3A5A28E6E1}
	EndGlobalSection
EndGlobal
